// !$*UTF8*$!
{
	archiveVersion = 1;
	classes = {
	};
	objectVersion = 77;
	objects = {

/* Begin PBXBuildFile section */
		32CAC0002D1D7ED2003AF1AC /* libgtest.a in Frameworks */ = {isa = PBXBuildFile; fileRef = 32CABFFF2D1D7EC7003AF1AC /* libgtest.a */; };
		32CAC0012D1D7ED9003AF1AC /* libgtest_main.a in Frameworks */ = {isa = PBXBuildFile; fileRef = 32CABFFE2D1D7EBD003AF1AC /* libgtest_main.a */; };
		32CAC0032D1D7EE8003AF1AC /* libbenchmark.a in Frameworks */ = {isa = PBXBuildFile; fileRef = 32CAC0022D1D7EE0003AF1AC /* libbenchmark.a */; };
		32CAC0052D1D7EFA003AF1AC /* libbenchmark_main.a in Frameworks */ = {isa = PBXBuildFile; fileRef = 32CAC0042D1D7EEF003AF1AC /* libbenchmark_main.a */; };
/* End PBXBuildFile section */

/* Begin PBXCopyFilesBuildPhase section */
		32CABFB72D1D7C4D003AF1AC /* CopyFiles */ = {
			isa = PBXCopyFilesBuildPhase;
			buildActionMask = 2147483647;
			dstPath = /usr/share/man/man1/;
			dstSubfolderSpec = 0;
			files = (
			);
			runOnlyForDeploymentPostprocessing = 1;
		};
/* End PBXCopyFilesBuildPhase section */

/* Begin PBXFileReference section */
		32CABFB92D1D7C4D003AF1AC /* Graph_API */ = {isa = PBXFileReference; explicitFileType = "compiled.mach-o.executable"; includeInIndex = 0; path = Graph_API; sourceTree = BUILT_PRODUCTS_DIR; };
		32CABFFE2D1D7EBD003AF1AC /* libgtest_main.a */ = {isa = PBXFileReference; lastKnownFileType = archive.ar; name = libgtest_main.a; path = ../../../../usr/local/lib/libgtest_main.a; sourceTree = "<group>"; };
		32CABFFF2D1D7EC7003AF1AC /* libgtest.a */ = {isa = PBXFileReference; lastKnownFileType = archive.ar; name = libgtest.a; path = ../../../../usr/local/lib/libgtest.a; sourceTree = "<group>"; };
		32CAC0022D1D7EE0003AF1AC /* libbenchmark.a */ = {isa = PBXFileReference; lastKnownFileType = archive.ar; name = libbenchmark.a; path = ../../../../usr/local/lib/libbenchmark.a; sourceTree = "<group>"; };
		32CAC0042D1D7EEF003AF1AC /* libbenchmark_main.a */ = {isa = PBXFileReference; lastKnownFileType = archive.ar; name = libbenchmark_main.a; path = ../../../../usr/local/lib/libbenchmark_main.a; sourceTree = "<group>"; };
/* End PBXFileReference section */

/* Begin PBXFileSystemSynchronizedGroupBuildPhaseMembershipExceptionSet section */
		32CAC0262D1D85C2003AF1AC /* Exceptions for "Graph_API" folder in "Compile Sources" phase from "Graph_API" target */ = {
			isa = PBXFileSystemSynchronizedGroupBuildPhaseMembershipExceptionSet;
			buildPhase = 32CABFB52D1D7C4D003AF1AC /* Sources */;
			membershipExceptions = (
				ADT/linear.tpp,
			);
		};
/* End PBXFileSystemSynchronizedGroupBuildPhaseMembershipExceptionSet section */

/* Begin PBXFileSystemSynchronizedRootGroup section */
		32CABFBB2D1D7C4D003AF1AC /* Graph_API */ = {
			isa = PBXFileSystemSynchronizedRootGroup;
			exceptions = (
				32CAC0262D1D85C2003AF1AC /* Exceptions for "Graph_API" folder in "Compile Sources" phase from "Graph_API" target */,
			);
			path = Graph_API;
			sourceTree = "<group>";
		};
		32CAC01F2D1D8341003AF1AC /* gtest */ = {
			isa = PBXFileSystemSynchronizedRootGroup;
			path = gtest;
			sourceTree = "<group>";
		};
/* End PBXFileSystemSynchronizedRootGroup section */

/* Begin PBXFrameworksBuildPhase section */
		32CABFB62D1D7C4D003AF1AC /* Frameworks */ = {
			isa = PBXFrameworksBuildPhase;
			buildActionMask = 2147483647;
			files = (
				32CAC0052D1D7EFA003AF1AC /* libbenchmark_main.a in Frameworks */,
				32CAC0032D1D7EE8003AF1AC /* libbenchmark.a in Frameworks */,
				32CAC0012D1D7ED9003AF1AC /* libgtest_main.a in Frameworks */,
				32CAC0002D1D7ED2003AF1AC /* libgtest.a in Frameworks */,
			);
			runOnlyForDeploymentPostprocessing = 0;
		};
/* End PBXFrameworksBuildPhase section */

/* Begin PBXGroup section */
		32CABFB02D1D7C4D003AF1AC = {
			isa = PBXGroup;
			children = (
				32CAC01F2D1D8341003AF1AC /* gtest */,
				32CABFBB2D1D7C4D003AF1AC /* Graph_API */,
				32CABFFD2D1D7EBC003AF1AC /* Frameworks */,
				32CABFBA2D1D7C4D003AF1AC /* Products */,
			);
			sourceTree = "<group>";
		};
		32CABFBA2D1D7C4D003AF1AC /* Products */ = {
			isa = PBXGroup;
			children = (
				32CABFB92D1D7C4D003AF1AC /* Graph_API */,
			);
			name = Products;
			sourceTree = "<group>";
		};
		32CABFFD2D1D7EBC003AF1AC /* Frameworks */ = {
			isa = PBXGroup;
			children = (
				32CAC0042D1D7EEF003AF1AC /* libbenchmark_main.a */,
				32CAC0022D1D7EE0003AF1AC /* libbenchmark.a */,
				32CABFFF2D1D7EC7003AF1AC /* libgtest.a */,
				32CABFFE2D1D7EBD003AF1AC /* libgtest_main.a */,
			);
			name = Frameworks;
			sourceTree = "<group>";
		};
/* End PBXGroup section */

/* Begin PBXNativeTarget section */
		32CABFB82D1D7C4D003AF1AC /* Graph_API */ = {
			isa = PBXNativeTarget;
			buildConfigurationList = 32CABFC02D1D7C4D003AF1AC /* Build configuration list for PBXNativeTarget "Graph_API" */;
			buildPhases = (
				32CABFB52D1D7C4D003AF1AC /* Sources */,
				32CABFB62D1D7C4D003AF1AC /* Frameworks */,
				32CABFB72D1D7C4D003AF1AC /* CopyFiles */,
			);
			buildRules = (
			);
			dependencies = (
			);
			fileSystemSynchronizedGroups = (
				32CABFBB2D1D7C4D003AF1AC /* Graph_API */,
				32CAC01F2D1D8341003AF1AC /* gtest */,
			);
			name = Graph_API;
			packageProductDependencies = (
			);
			productName = Graph_API;
			productReference = 32CABFB92D1D7C4D003AF1AC /* Graph_API */;
			productType = "com.apple.product-type.tool";
		};
/* End PBXNativeTarget section */

/* Begin PBXProject section */
		32CABFB12D1D7C4D003AF1AC /* Project object */ = {
			isa = PBXProject;
			attributes = {
				BuildIndependentTargetsInParallel = 1;
				LastUpgradeCheck = 1620;
				TargetAttributes = {
					32CABFB82D1D7C4D003AF1AC = {
						CreatedOnToolsVersion = 16.2;
					};
				};
			};
			buildConfigurationList = 32CABFB42D1D7C4D003AF1AC /* Build configuration list for PBXProject "Graph_API" */;
			developmentRegion = en;
			hasScannedForEncodings = 0;
			knownRegions = (
				en,
				Base,
			);
			mainGroup = 32CABFB02D1D7C4D003AF1AC;
			minimizedProjectReferenceProxies = 1;
			preferredProjectObjectVersion = 77;
			productRefGroup = 32CABFBA2D1D7C4D003AF1AC /* Products */;
			projectDirPath = "";
			projectRoot = "";
			targets = (
				32CABFB82D1D7C4D003AF1AC /* Graph_API */,
			);
		};
/* End PBXProject section */

/* Begin PBXSourcesBuildPhase section */
		32CABFB52D1D7C4D003AF1AC /* Sources */ = {
			isa = PBXSourcesBuildPhase;
			buildActionMask = 2147483647;
			files = (
			);
			runOnlyForDeploymentPostprocessing = 0;
		};
/* End PBXSourcesBuildPhase section */

/* Begin XCBuildConfiguration section */
		32CABFBE2D1D7C4D003AF1AC /* Debug */ = {
			isa = XCBuildConfiguration;
			buildSettings = {
				ALWAYS_SEARCH_USER_PATHS = NO;
				ASSETCATALOG_COMPILER_GENERATE_SWIFT_ASSET_SYMBOL_EXTENSIONS = YES;
				CLANG_ANALYZER_NONNULL = YES;
				CLANG_ANALYZER_NUMBER_OBJECT_CONVERSION = YES_AGGRESSIVE;
				CLANG_CXX_LANGUAGE_STANDARD = "gnu++20";
				CLANG_ENABLE_MODULES = YES;
				CLANG_ENABLE_OBJC_ARC = YES;
				CLANG_ENABLE_OBJC_WEAK = YES;
				CLANG_WARN_BLOCK_CAPTURE_AUTORELEASING = YES;
				CLANG_WARN_BOOL_CONVERSION = YES;
				CLANG_WARN_COMMA = YES;
				CLANG_WARN_CONSTANT_CONVERSION = YES;
				CLANG_WARN_DEPRECATED_OBJC_IMPLEMENTATIONS = YES;
				CLANG_WARN_DIRECT_OBJC_ISA_USAGE = YES_ERROR;
				CLANG_WARN_DOCUMENTATION_COMMENTS = YES;
				CLANG_WARN_EMPTY_BODY = YES;
				CLANG_WARN_ENUM_CONVERSION = YES;
				CLANG_WARN_INFINITE_RECURSION = YES;
				CLANG_WARN_INT_CONVERSION = YES;
				CLANG_WARN_NON_LITERAL_NULL_CONVERSION = YES;
				CLANG_WARN_OBJC_IMPLICIT_RETAIN_SELF = YES;
				CLANG_WARN_OBJC_LITERAL_CONVERSION = YES;
				CLANG_WARN_OBJC_ROOT_CLASS = YES_ERROR;
				CLANG_WARN_QUOTED_INCLUDE_IN_FRAMEWORK_HEADER = YES;
				CLANG_WARN_RANGE_LOOP_ANALYSIS = YES;
				CLANG_WARN_STRICT_PROTOTYPES = YES;
				CLANG_WARN_SUSPICIOUS_MOVE = YES;
				CLANG_WARN_UNGUARDED_AVAILABILITY = YES_AGGRESSIVE;
				CLANG_WARN_UNREACHABLE_CODE = YES;
				CLANG_WARN__DUPLICATE_METHOD_MATCH = YES;
				COPY_PHASE_STRIP = NO;
				DEBUG_INFORMATION_FORMAT = dwarf;
				ENABLE_STRICT_OBJC_MSGSEND = YES;
				ENABLE_TESTABILITY = YES;
				ENABLE_USER_SCRIPT_SANDBOXING = YES;
				GCC_C_LANGUAGE_STANDARD = gnu17;
				GCC_DYNAMIC_NO_PIC = NO;
				GCC_NO_COMMON_BLOCKS = YES;
				GCC_OPTIMIZATION_LEVEL = 0;
				GCC_PREPROCESSOR_DEFINITIONS = (
					"DEBUG=1",
					"$(inherited)",
				);
				GCC_WARN_64_TO_32_BIT_CONVERSION = YES;
				GCC_WARN_ABOUT_RETURN_TYPE = YES_ERROR;
				GCC_WARN_UNDECLARED_SELECTOR = YES;
				GCC_WARN_UNINITIALIZED_AUTOS = YES_AGGRESSIVE;
				GCC_WARN_UNUSED_FUNCTION = YES;
				GCC_WARN_UNUSED_VARIABLE = YES;
				HEADER_SEARCH_PATHS = /usr/local/include/;
				LIBRARY_SEARCH_PATHS = /usr/local/lib/;
				LOCALIZATION_PREFERS_STRING_CATALOGS = YES;
				MACOSX_DEPLOYMENT_TARGET = 15.0;
				MTL_ENABLE_DEBUG_INFO = INCLUDE_SOURCE;
				MTL_FAST_MATH = YES;
				ONLY_ACTIVE_ARCH = YES;
				SDKROOT = macosx;
			};
			name = Debug;
		};
		32CABFBF2D1D7C4D003AF1AC /* Release */ = {
			isa = XCBuildConfiguration;
			buildSettings = {
				ALWAYS_SEARCH_USER_PATHS = NO;
				ASSETCATALOG_COMPILER_GENERATE_SWIFT_ASSET_SYMBOL_EXTENSIONS = YES;
				CLANG_ANALYZER_NONNULL = YES;
				CLANG_ANALYZER_NUMBER_OBJECT_CONVERSION = YES_AGGRESSIVE;
				CLANG_CXX_LANGUAGE_STANDARD = "gnu++20";
				CLANG_ENABLE_MODULES = YES;
				CLANG_ENABLE_OBJC_ARC = YES;
				CLANG_ENABLE_OBJC_WEAK = YES;
				CLANG_WARN_BLOCK_CAPTURE_AUTORELEASING = YES;
				CLANG_WARN_BOOL_CONVERSION = YES;
				CLANG_WARN_COMMA = YES;
				CLANG_WARN_CONSTANT_CONVERSION = YES;
				CLANG_WARN_DEPRECATED_OBJC_IMPLEMENTATIONS = YES;
				CLANG_WARN_DIRECT_OBJC_ISA_USAGE = YES_ERROR;
				CLANG_WARN_DOCUMENTATION_COMMENTS = YES;
				CLANG_WARN_EMPTY_BODY = YES;
				CLANG_WARN_ENUM_CONVERSION = YES;
				CLANG_WARN_INFINITE_RECURSION = YES;
				CLANG_WARN_INT_CONVERSION = YES;
				CLANG_WARN_NON_LITERAL_NULL_CONVERSION = YES;
				CLANG_WARN_OBJC_IMPLICIT_RETAIN_SELF = YES;
				CLANG_WARN_OBJC_LITERAL_CONVERSION = YES;
				CLANG_WARN_OBJC_ROOT_CLASS = YES_ERROR;
				CLANG_WARN_QUOTED_INCLUDE_IN_FRAMEWORK_HEADER = YES;
				CLANG_WARN_RANGE_LOOP_ANALYSIS = YES;
				CLANG_WARN_STRICT_PROTOTYPES = YES;
				CLANG_WARN_SUSPICIOUS_MOVE = YES;
				CLANG_WARN_UNGUARDED_AVAILABILITY = YES_AGGRESSIVE;
				CLANG_WARN_UNREACHABLE_CODE = YES;
				CLANG_WARN__DUPLICATE_METHOD_MATCH = YES;
				COPY_PHASE_STRIP = NO;
				DEBUG_INFORMATION_FORMAT = "dwarf-with-dsym";
				ENABLE_NS_ASSERTIONS = NO;
				ENABLE_STRICT_OBJC_MSGSEND = YES;
				ENABLE_USER_SCRIPT_SANDBOXING = YES;
				GCC_C_LANGUAGE_STANDARD = gnu17;
				GCC_NO_COMMON_BLOCKS = YES;
				GCC_WARN_64_TO_32_BIT_CONVERSION = YES;
				GCC_WARN_ABOUT_RETURN_TYPE = YES_ERROR;
				GCC_WARN_UNDECLARED_SELECTOR = YES;
				GCC_WARN_UNINITIALIZED_AUTOS = YES_AGGRESSIVE;
				GCC_WARN_UNUSED_FUNCTION = YES;
				GCC_WARN_UNUSED_VARIABLE = YES;
				HEADER_SEARCH_PATHS = /usr/local/include/;
				LIBRARY_SEARCH_PATHS = /usr/local/lib/;
				LOCALIZATION_PREFERS_STRING_CATALOGS = YES;
				MACOSX_DEPLOYMENT_TARGET = 15.0;
				MTL_ENABLE_DEBUG_INFO = NO;
				MTL_FAST_MATH = YES;
				SDKROOT = macosx;
			};
			name = Release;
		};
		32CABFC12D1D7C4D003AF1AC /* Debug */ = {
			isa = XCBuildConfiguration;
			buildSettings = {
				CODE_SIGN_STYLE = Automatic;
				DEVELOPMENT_TEAM = 379P4X5DA9;
				ENABLE_HARDENED_RUNTIME = YES;
				PRODUCT_NAME = "$(TARGET_NAME)";
			};
			name = Debug;
		};
		32CABFC22D1D7C4D003AF1AC /* Release */ = {
			isa = XCBuildConfiguration;
			buildSettings = {
				CODE_SIGN_STYLE = Automatic;
				DEVELOPMENT_TEAM = 379P4X5DA9;
				ENABLE_HARDENED_RUNTIME = YES;
				PRODUCT_NAME = "$(TARGET_NAME)";
			};
			name = Release;
		};
/* End XCBuildConfiguration section */

/* Begin XCConfigurationList section */
		32CABFB42D1D7C4D003AF1AC /* Build configuration list for PBXProject "Graph_API" */ = {
			isa = XCConfigurationList;
			buildConfigurations = (
				32CABFBE2D1D7C4D003AF1AC /* Debug */,
				32CABFBF2D1D7C4D003AF1AC /* Release */,
			);
			defaultConfigurationIsVisible = 0;
			defaultConfigurationName = Release;
		};
		32CABFC02D1D7C4D003AF1AC /* Build configuration list for PBXNativeTarget "Graph_API" */ = {
			isa = XCConfigurationList;
			buildConfigurations = (
				32CABFC12D1D7C4D003AF1AC /* Debug */,
				32CABFC22D1D7C4D003AF1AC /* Release */,
			);
			defaultConfigurationIsVisible = 0;
			defaultConfigurationName = Release;
		};
/* End XCConfigurationList section */
	};
	rootObject = 32CABFB12D1D7C4D003AF1AC /* Project object */;
}
